
Microsoft Visual Studio Solution File, Format Version 12.00
# Visual Studio Express 2012 for Windows Desktop
Project("{FAE04EC0-301F-11D3-BF4B-00C04F79EFBC}") = "nvm", "nvm\nvm.csproj", "{23D9930C-6DBB-4C27-A97B-D14BE6EF3B9F}"
EndProject
Project("{8BC9CEB8-8B4A-11D0-8D11-00A0C91BC942}") = "nvmpp", "nvmpp\nvmpp.vcxproj", "{7A75A3C9-7148-49D8-BA8C-2D6F7B5E8F1B}"
EndProject
Project("{FAE04EC0-301F-11D3-BF4B-00C04F79EFBC}") = "ncc", "ncc\ncc.csproj", "{2E20F0C9-C9C1-4D29-A023-AD10F2A4F199}"
EndProject
Global
	GlobalSection(SolutionConfigurationPlatforms) = preSolution
		Debug|Any CPU = Debug|Any CPU
		Debug|Mixed Platforms = Debug|Mixed Platforms
		Debug|Win32 = Debug|Win32
		Release|Any CPU = Release|Any CPU
		Release|Mixed Platforms = Release|Mixed Platforms
		Release|Win32 = Release|Win32
	EndGlobalSection
	GlobalSection(ProjectConfigurationPlatforms) = postSolution
		{23D9930C-6DBB-4C27-A97B-D14BE6EF3B9F}.Debug|Any CPU.ActiveCfg = Debug|Any CPU
		{23D9930C-6DBB-4C27-A97B-D14BE6EF3B9F}.Debug|Any CPU.Build.0 = Debug|Any CPU
		{23D9930C-6DBB-4C27-A97B-D14BE6EF3B9F}.Debug|Mixed Platforms.ActiveCfg = Debug|Any CPU
		{23D9930C-6DBB-4C27-A97B-D14BE6EF3B9F}.Debug|Mixed Platforms.Build.0 = Debug|Any CPU
		{23D9930C-6DBB-4C27-A97B-D14BE6EF3B9F}.Debug|Win32.ActiveCfg = Debug|Any CPU
		{23D9930C-6DBB-4C27-A97B-D14BE6EF3B9F}.Release|Any CPU.ActiveCfg = Release|Any CPU
		{23D9930C-6DBB-4C27-A97B-D14BE6EF3B9F}.Release|Any CPU.Build.0 = Release|Any CPU
		{23D9930C-6DBB-4C27-A97B-D14BE6EF3B9F}.Release|Mixed Platforms.ActiveCfg = Release|Any CPU
		{23D9930C-6DBB-4C27-A97B-D14BE6EF3B9F}.Release|Mixed Platforms.Build.0 = Release|Any CPU
		{23D9930C-6DBB-4C27-A97B-D14BE6EF3B9F}.Release|Win32.ActiveCfg = Release|Any CPU
		{7A75A3C9-7148-49D8-BA8C-2D6F7B5E8F1B}.Debug|Any CPU.ActiveCfg = Debug|Win32
		{7A75A3C9-7148-49D8-BA8C-2D6F7B5E8F1B}.Debug|Mixed Platforms.ActiveCfg = Debug|Win32
		{7A75A3C9-7148-49D8-BA8C-2D6F7B5E8F1B}.Debug|Mixed Platforms.Build.0 = Debug|Win32
		{7A75A3C9-7148-49D8-BA8C-2D6F7B5E8F1B}.Debug|Win32.ActiveCfg = Debug|Win32
		{7A75A3C9-7148-49D8-BA8C-2D6F7B5E8F1B}.Debug|Win32.Build.0 = Debug|Win32
		{7A75A3C9-7148-49D8-BA8C-2D6F7B5E8F1B}.Release|Any CPU.ActiveCfg = Release|Win32
		{7A75A3C9-7148-49D8-BA8C-2D6F7B5E8F1B}.Release|Mixed Platforms.ActiveCfg = Release|Win32
		{7A75A3C9-7148-49D8-BA8C-2D6F7B5E8F1B}.Release|Mixed Platforms.Build.0 = Release|Win32
		{7A75A3C9-7148-49D8-BA8C-2D6F7B5E8F1B}.Release|Win32.ActiveCfg = Release|Win32
		{7A75A3C9-7148-49D8-BA8C-2D6F7B5E8F1B}.Release|Win32.Build.0 = Release|Win32
		{2E20F0C9-C9C1-4D29-A023-AD10F2A4F199}.Debug|Any CPU.ActiveCfg = Debug|Any CPU
		{2E20F0C9-C9C1-4D29-A023-AD10F2A4F199}.Debug|Any CPU.Build.0 = Debug|Any CPU
		{2E20F0C9-C9C1-4D29-A023-AD10F2A4F199}.Debug|Mixed Platforms.ActiveCfg = Debug|Any CPU
		{2E20F0C9-C9C1-4D29-A023-AD10F2A4F199}.Debug|Mixed Platforms.Build.0 = Debug|Any CPU
		{2E20F0C9-C9C1-4D29-A023-AD10F2A4F199}.Debug|Win32.ActiveCfg = Debug|Any CPU
		{2E20F0C9-C9C1-4D29-A023-AD10F2A4F199}.Release|Any CPU.ActiveCfg = Release|Any CPU
		{2E20F0C9-C9C1-4D29-A023-AD10F2A4F199}.Release|Any CPU.Build.0 = Release|Any CPU
		{2E20F0C9-C9C1-4D29-A023-AD10F2A4F199}.Release|Mixed Platforms.ActiveCfg = Release|Any CPU
		{2E20F0C9-C9C1-4D29-A023-AD10F2A4F199}.Release|Mixed Platforms.Build.0 = Release|Any CPU
		{2E20F0C9-C9C1-4D29-A023-AD10F2A4F199}.Release|Win32.ActiveCfg = Release|Any CPU
	EndGlobalSection
	GlobalSection(SolutionProperties) = preSolution
		HideSolutionNode = FALSE
	EndGlobalSection
EndGlobal
